// !$*UTF8*$!
{
	archiveVersion = 1;
	classes = {
	};
	objectVersion = 51;
	objects = {

/* Begin PBXBuildFile section */
		6CD193E122BA2A790070D1F5 /* AppDelegate.swift in Sources */ = {isa = PBXBuildFile; fileRef = 6CD193E022BA2A790070D1F5 /* AppDelegate.swift */; };
		6CD193E322BA2A790070D1F5 /* ViewController.swift in Sources */ = {isa = PBXBuildFile; fileRef = 6CD193E222BA2A790070D1F5 /* ViewController.swift */; };
		6CD193E622BA2A790070D1F5 /* Main.storyboard in Resources */ = {isa = PBXBuildFile; fileRef = 6CD193E422BA2A790070D1F5 /* Main.storyboard */; };
		6CD193E822BA2A7B0070D1F5 /* Assets.xcassets in Resources */ = {isa = PBXBuildFile; fileRef = 6CD193E722BA2A7B0070D1F5 /* Assets.xcassets */; };
		6CD193EB22BA2A7B0070D1F5 /* LaunchScreen.storyboard in Resources */ = {isa = PBXBuildFile; fileRef = 6CD193E922BA2A7B0070D1F5 /* LaunchScreen.storyboard */; };
		6CD1940122BA2AD30070D1F5 /* PresentFirstViewController.swift in Sources */ = {isa = PBXBuildFile; fileRef = 6CD193F322BA2AD30070D1F5 /* PresentFirstViewController.swift */; };
		6CD1940222BA2AD30070D1F5 /* PresentSecondViewController.swift in Sources */ = {isa = PBXBuildFile; fileRef = 6CD193F422BA2AD30070D1F5 /* PresentSecondViewController.swift */; };
		6CD1940322BA2AD30070D1F5 /* NormalPresentAnimator.swift in Sources */ = {isa = PBXBuildFile; fileRef = 6CD193F522BA2AD30070D1F5 /* NormalPresentAnimator.swift */; };
		6CD1940422BA2AD30070D1F5 /* TabbarInteractionTransition.swift in Sources */ = {isa = PBXBuildFile; fileRef = 6CD193F722BA2AD30070D1F5 /* TabbarInteractionTransition.swift */; };
		6CD1940522BA2AD30070D1F5 /* TabbarAnimator.swift in Sources */ = {isa = PBXBuildFile; fileRef = 6CD193F822BA2AD30070D1F5 /* TabbarAnimator.swift */; };
		6CD1940622BA2AD30070D1F5 /* TabbarController.swift in Sources */ = {isa = PBXBuildFile; fileRef = 6CD193F922BA2AD30070D1F5 /* TabbarController.swift */; };
		6CD1940722BA2AD30070D1F5 /* LottieFirstViewController.swift in Sources */ = {isa = PBXBuildFile; fileRef = 6CD193FB22BA2AD30070D1F5 /* LottieFirstViewController.swift */; };
		6CD1940822BA2AD30070D1F5 /* LottieSecondViewController.swift in Sources */ = {isa = PBXBuildFile; fileRef = 6CD193FC22BA2AD30070D1F5 /* LottieSecondViewController.swift */; };
		6CD1940922BA2AD30070D1F5 /* PushFirstViewController.swift in Sources */ = {isa = PBXBuildFile; fileRef = 6CD193FE22BA2AD30070D1F5 /* PushFirstViewController.swift */; };
		6CD1940A22BA2AD30070D1F5 /* PushSecondViewController.swift in Sources */ = {isa = PBXBuildFile; fileRef = 6CD193FF22BA2AD30070D1F5 /* PushSecondViewController.swift */; };
		6CD1940B22BA2AD30070D1F5 /* NormalPushAnimator.swift in Sources */ = {isa = PBXBuildFile; fileRef = 6CD1940022BA2AD30070D1F5 /* NormalPushAnimator.swift */; };
		6CD1940E22BA2BC60070D1F5 /* Count.json in Resources */ = {isa = PBXBuildFile; fileRef = 6CD1940C22BA2BC60070D1F5 /* Count.json */; };
		6CD1940F22BA2BC60070D1F5 /* Three.json in Resources */ = {isa = PBXBuildFile; fileRef = 6CD1940D22BA2BC60070D1F5 /* Three.json */; };
		90E79730F3DB2331CB86F4A7 /* Pods_CustomTransitions.framework in Frameworks */ = {isa = PBXBuildFile; fileRef = 918A5D0F98A818CCA248166F /* Pods_CustomTransitions.framework */; };
/* End PBXBuildFile section */

/* Begin PBXFileReference section */
		358083C4E9477B8605B41E0C /* Pods-CustomTransitions.release.xcconfig */ = {isa = PBXFileReference; includeInIndex = 1; lastKnownFileType = text.xcconfig; name = "Pods-CustomTransitions.release.xcconfig"; path = "Target Support Files/Pods-CustomTransitions/Pods-CustomTransitions.release.xcconfig"; sourceTree = "<group>"; };
		6CD193DD22BA2A790070D1F5 /* CustomTransitions.app */ = {isa = PBXFileReference; explicitFileType = wrapper.application; includeInIndex = 0; path = CustomTransitions.app; sourceTree = BUILT_PRODUCTS_DIR; };
		6CD193E022BA2A790070D1F5 /* AppDelegate.swift */ = {isa = PBXFileReference; lastKnownFileType = sourcecode.swift; path = AppDelegate.swift; sourceTree = "<group>"; };
		6CD193E222BA2A790070D1F5 /* ViewController.swift */ = {isa = PBXFileReference; lastKnownFileType = sourcecode.swift; path = ViewController.swift; sourceTree = "<group>"; };
		6CD193E522BA2A790070D1F5 /* Base */ = {isa = PBXFileReference; lastKnownFileType = file.storyboard; name = Base; path = Base.lproj/Main.storyboard; sourceTree = "<group>"; };
		6CD193E722BA2A7B0070D1F5 /* Assets.xcassets */ = {isa = PBXFileReference; lastKnownFileType = folder.assetcatalog; path = Assets.xcassets; sourceTree = "<group>"; };
		6CD193EA22BA2A7B0070D1F5 /* Base */ = {isa = PBXFileReference; lastKnownFileType = file.storyboard; name = Base; path = Base.lproj/LaunchScreen.storyboard; sourceTree = "<group>"; };
		6CD193EC22BA2A7B0070D1F5 /* Info.plist */ = {isa = PBXFileReference; lastKnownFileType = text.plist.xml; path = Info.plist; sourceTree = "<group>"; };
		6CD193F322BA2AD30070D1F5 /* PresentFirstViewController.swift */ = {isa = PBXFileReference; fileEncoding = 4; lastKnownFileType = sourcecode.swift; path = PresentFirstViewController.swift; sourceTree = "<group>"; };
		6CD193F422BA2AD30070D1F5 /* PresentSecondViewController.swift */ = {isa = PBXFileReference; fileEncoding = 4; lastKnownFileType = sourcecode.swift; path = PresentSecondViewController.swift; sourceTree = "<group>"; };
		6CD193F522BA2AD30070D1F5 /* NormalPresentAnimator.swift */ = {isa = PBXFileReference; fileEncoding = 4; lastKnownFileType = sourcecode.swift; path = NormalPresentAnimator.swift; sourceTree = "<group>"; };
		6CD193F722BA2AD30070D1F5 /* TabbarInteractionTransition.swift */ = {isa = PBXFileReference; fileEncoding = 4; lastKnownFileType = sourcecode.swift; path = TabbarInteractionTransition.swift; sourceTree = "<group>"; };
		6CD193F822BA2AD30070D1F5 /* TabbarAnimator.swift */ = {isa = PBXFileReference; fileEncoding = 4; lastKnownFileType = sourcecode.swift; path = TabbarAnimator.swift; sourceTree = "<group>"; };
		6CD193F922BA2AD30070D1F5 /* TabbarController.swift */ = {isa = PBXFileReference; fileEncoding = 4; lastKnownFileType = sourcecode.swift; path = TabbarController.swift; sourceTree = "<group>"; };
		6CD193FB22BA2AD30070D1F5 /* LottieFirstViewController.swift */ = {isa = PBXFileReference; fileEncoding = 4; lastKnownFileType = sourcecode.swift; path = LottieFirstViewController.swift; sourceTree = "<group>"; };
		6CD193FC22BA2AD30070D1F5 /* LottieSecondViewController.swift */ = {isa = PBXFileReference; fileEncoding = 4; lastKnownFileType = sourcecode.swift; path = LottieSecondViewController.swift; sourceTree = "<group>"; };
		6CD193FE22BA2AD30070D1F5 /* PushFirstViewController.swift */ = {isa = PBXFileReference; fileEncoding = 4; lastKnownFileType = sourcecode.swift; path = PushFirstViewController.swift; sourceTree = "<group>"; };
		6CD193FF22BA2AD30070D1F5 /* PushSecondViewController.swift */ = {isa = PBXFileReference; fileEncoding = 4; lastKnownFileType = sourcecode.swift; path = PushSecondViewController.swift; sourceTree = "<group>"; };
		6CD1940022BA2AD30070D1F5 /* NormalPushAnimator.swift */ = {isa = PBXFileReference; fileEncoding = 4; lastKnownFileType = sourcecode.swift; path = NormalPushAnimator.swift; sourceTree = "<group>"; };
		6CD1940C22BA2BC60070D1F5 /* Count.json */ = {isa = PBXFileReference; fileEncoding = 4; lastKnownFileType = text.json; path = Count.json; sourceTree = "<group>"; };
		6CD1940D22BA2BC60070D1F5 /* Three.json */ = {isa = PBXFileReference; fileEncoding = 4; lastKnownFileType = text.json; path = Three.json; sourceTree = "<group>"; };
		918A5D0F98A818CCA248166F /* Pods_CustomTransitions.framework */ = {isa = PBXFileReference; explicitFileType = wrapper.framework; includeInIndex = 0; path = Pods_CustomTransitions.framework; sourceTree = BUILT_PRODUCTS_DIR; };
		DBAFC09A3724210D9AD3905F /* Pods-CustomTransitions.debug.xcconfig */ = {isa = PBXFileReference; includeInIndex = 1; lastKnownFileType = text.xcconfig; name = "Pods-CustomTransitions.debug.xcconfig"; path = "Target Support Files/Pods-CustomTransitions/Pods-CustomTransitions.debug.xcconfig"; sourceTree = "<group>"; };
/* End PBXFileReference section */

/* Begin PBXFrameworksBuildPhase section */
		6CD193DA22BA2A790070D1F5 /* Frameworks */ = {
			isa = PBXFrameworksBuildPhase;
			buildActionMask = 2147483647;
			files = (
				90E79730F3DB2331CB86F4A7 /* Pods_CustomTransitions.framework in Frameworks */,
			);
			runOnlyForDeploymentPostprocessing = 0;
		};
/* End PBXFrameworksBuildPhase section */

/* Begin PBXGroup section */
		39D53EEFED22A402C86FA4E2 /* Pods */ = {
			isa = PBXGroup;
			children = (
				DBAFC09A3724210D9AD3905F /* Pods-CustomTransitions.debug.xcconfig */,
				358083C4E9477B8605B41E0C /* Pods-CustomTransitions.release.xcconfig */,
			);
			path = Pods;
			sourceTree = "<group>";
		};
		6CD193D422BA2A790070D1F5 = {
			isa = PBXGroup;
			children = (
				6CD193DF22BA2A790070D1F5 /* CustomTransitions */,
				6CD193DE22BA2A790070D1F5 /* Products */,
				39D53EEFED22A402C86FA4E2 /* Pods */,
				F6A6BEBF621D187E7C8B3801 /* Frameworks */,
			);
			sourceTree = "<group>";
		};
		6CD193DE22BA2A790070D1F5 /* Products */ = {
			isa = PBXGroup;
			children = (
				6CD193DD22BA2A790070D1F5 /* CustomTransitions.app */,
			);
			name = Products;
			sourceTree = "<group>";
		};
		6CD193DF22BA2A790070D1F5 /* CustomTransitions */ = {
			isa = PBXGroup;
			children = (
				6CD193E022BA2A790070D1F5 /* AppDelegate.swift */,
				6CD193E222BA2A790070D1F5 /* ViewController.swift */,
				6CD193F222BA2AD30070D1F5 /* Present */,
				6CD193FD22BA2AD30070D1F5 /* Push */,
				6CD193F622BA2AD30070D1F5 /* Tabbar */,
				6CD193FA22BA2AD30070D1F5 /* Lottie */,
				6CD193E422BA2A790070D1F5 /* Main.storyboard */,
				6CD193E722BA2A7B0070D1F5 /* Assets.xcassets */,
				6CD193E922BA2A7B0070D1F5 /* LaunchScreen.storyboard */,
				6CD193EC22BA2A7B0070D1F5 /* Info.plist */,
			);
			path = CustomTransitions;
			sourceTree = "<group>";
		};
		6CD193F222BA2AD30070D1F5 /* Present */ = {
			isa = PBXGroup;
			children = (
				6CD193F322BA2AD30070D1F5 /* PresentFirstViewController.swift */,
				6CD193F422BA2AD30070D1F5 /* PresentSecondViewController.swift */,
				6CD193F522BA2AD30070D1F5 /* NormalPresentAnimator.swift */,
			);
			path = Present;
			sourceTree = "<group>";
		};
		6CD193F622BA2AD30070D1F5 /* Tabbar */ = {
			isa = PBXGroup;
			children = (
				6CD193F722BA2AD30070D1F5 /* TabbarInteractionTransition.swift */,
				6CD193F822BA2AD30070D1F5 /* TabbarAnimator.swift */,
				6CD193F922BA2AD30070D1F5 /* TabbarController.swift */,
			);
			path = Tabbar;
			sourceTree = "<group>";
		};
		6CD193FA22BA2AD30070D1F5 /* Lottie */ = {
			isa = PBXGroup;
			children = (
				6CD1940C22BA2BC60070D1F5 /* Count.json */,
				6CD1940D22BA2BC60070D1F5 /* Three.json */,
				6CD193FB22BA2AD30070D1F5 /* LottieFirstViewController.swift */,
				6CD193FC22BA2AD30070D1F5 /* LottieSecondViewController.swift */,
			);
			path = Lottie;
			sourceTree = "<group>";
		};
		6CD193FD22BA2AD30070D1F5 /* Push */ = {
			isa = PBXGroup;
			children = (
				6CD193FE22BA2AD30070D1F5 /* PushFirstViewController.swift */,
				6CD193FF22BA2AD30070D1F5 /* PushSecondViewController.swift */,
				6CD1940022BA2AD30070D1F5 /* NormalPushAnimator.swift */,
			);
			path = Push;
			sourceTree = "<group>";
		};
		F6A6BEBF621D187E7C8B3801 /* Frameworks */ = {
			isa = PBXGroup;
			children = (
				918A5D0F98A818CCA248166F /* Pods_CustomTransitions.framework */,
			);
			name = Frameworks;
			sourceTree = "<group>";
		};
/* End PBXGroup section */

/* Begin PBXNativeTarget section */
		6CD193DC22BA2A790070D1F5 /* CustomTransitions */ = {
			isa = PBXNativeTarget;
			buildConfigurationList = 6CD193EF22BA2A7B0070D1F5 /* Build configuration list for PBXNativeTarget "CustomTransitions" */;
			buildPhases = (
				79B9F40B8CEB6B7B8623B530 /* [CP] Check Pods Manifest.lock */,
				6CD193D922BA2A790070D1F5 /* Sources */,
				6CD193DA22BA2A790070D1F5 /* Frameworks */,
				6CD193DB22BA2A790070D1F5 /* Resources */,
				68ADE6B54840A9D831C8F70C /* [CP] Embed Pods Frameworks */,
			);
			buildRules = (
			);
			dependencies = (
			);
			name = CustomTransitions;
			productName = CustomTransitions;
			productReference = 6CD193DD22BA2A790070D1F5 /* CustomTransitions.app */;
			productType = "com.apple.product-type.application";
		};
/* End PBXNativeTarget section */

/* Begin PBXProject section */
		6CD193D522BA2A790070D1F5 /* Project object */ = {
			isa = PBXProject;
			attributes = {
				LastSwiftUpdateCheck = 1020;
				LastUpgradeCheck = 1020;
				ORGANIZATIONNAME = "江涛";
				TargetAttributes = {
					6CD193DC22BA2A790070D1F5 = {
						CreatedOnToolsVersion = 10.2.1;
					};
				};
			};
			buildConfigurationList = 6CD193D822BA2A790070D1F5 /* Build configuration list for PBXProject "CustomTransitions" */;
			compatibilityVersion = "Xcode 9.3";
			developmentRegion = en;
			hasScannedForEncodings = 0;
			knownRegions = (
				en,
				Base,
			);
			mainGroup = 6CD193D422BA2A790070D1F5;
			productRefGroup = 6CD193DE22BA2A790070D1F5 /* Products */;
			projectDirPath = "";
			projectRoot = "";
			targets = (
				6CD193DC22BA2A790070D1F5 /* CustomTransitions */,
			);
		};
/* End PBXProject section */

/* Begin PBXResourcesBuildPhase section */
		6CD193DB22BA2A790070D1F5 /* Resources */ = {
			isa = PBXResourcesBuildPhase;
			buildActionMask = 2147483647;
			files = (
				6CD193EB22BA2A7B0070D1F5 /* LaunchScreen.storyboard in Resources */,
				6CD193E822BA2A7B0070D1F5 /* Assets.xcassets in Resources */,
				6CD193E622BA2A790070D1F5 /* Main.storyboard in Resources */,
				6CD1940F22BA2BC60070D1F5 /* Three.json in Resources */,
				6CD1940E22BA2BC60070D1F5 /* Count.json in Resources */,
			);
			runOnlyForDeploymentPostprocessing = 0;
		};
/* End PBXResourcesBuildPhase section */

/* Begin PBXShellScriptBuildPhase section */
		68ADE6B54840A9D831C8F70C /* [CP] Embed Pods Frameworks */ = {
			isa = PBXShellScriptBuildPhase;
			buildActionMask = 2147483647;
			files = (
			);
			inputFileListPaths = (
				"${PODS_ROOT}/Target Support Files/Pods-CustomTransitions/Pods-CustomTransitions-frameworks-${CONFIGURATION}-input-files.xcfilelist",
			);
			name = "[CP] Embed Pods Frameworks";
			outputFileListPaths = (
				"${PODS_ROOT}/Target Support Files/Pods-CustomTransitions/Pods-CustomTransitions-frameworks-${CONFIGURATION}-output-files.xcfilelist",
			);
			runOnlyForDeploymentPostprocessing = 0;
			shellPath = /bin/sh;
			shellScript = "\"${PODS_ROOT}/Target Support Files/Pods-CustomTransitions/Pods-CustomTransitions-frameworks.sh\"\n";
			showEnvVarsInLog = 0;
		};
		79B9F40B8CEB6B7B8623B530 /* [CP] Check Pods Manifest.lock */ = {
			isa = PBXShellScriptBuildPhase;
			buildActionMask = 2147483647;
			files = (
			);
			inputFileListPaths = (
			);
			inputPaths = (
				"${PODS_PODFILE_DIR_PATH}/Podfile.lock",
				"${PODS_ROOT}/Manifest.lock",
			);
			name = "[CP] Check Pods Manifest.lock";
			outputFileListPaths = (
			);
			outputPaths = (
				"$(DERIVED_FILE_DIR)/Pods-CustomTransitions-checkManifestLockResult.txt",
			);
			runOnlyForDeploymentPostprocessing = 0;
			shellPath = /bin/sh;
			shellScript = "diff \"${PODS_PODFILE_DIR_PATH}/Podfile.lock\" \"${PODS_ROOT}/Manifest.lock\" > /dev/null\nif [ $? != 0 ] ; then\n    # print error to STDERR\n    echo \"error: The sandbox is not in sync with the Podfile.lock. Run 'pod install' or update your CocoaPods installation.\" >&2\n    exit 1\nfi\n# This output is used by Xcode 'outputs' to avoid re-running this script phase.\necho \"SUCCESS\" > \"${SCRIPT_OUTPUT_FILE_0}\"\n";
			showEnvVarsInLog = 0;
		};
/* End PBXShellScriptBuildPhase section */

/* Begin PBXSourcesBuildPhase section */
		6CD193D922BA2A790070D1F5 /* Sources */ = {
			isa = PBXSourcesBuildPhase;
			buildActionMask = 2147483647;
			files = (
				6CD1940222BA2AD30070D1F5 /* PresentSecondViewController.swift in Sources */,
				6CD1940622BA2AD30070D1F5 /* TabbarController.swift in Sources */,
				6CD1940322BA2AD30070D1F5 /* NormalPresentAnimator.swift in Sources */,
				6CD1940922BA2AD30070D1F5 /* PushFirstViewController.swift in Sources */,
				6CD193E322BA2A790070D1F5 /* ViewController.swift in Sources */,
				6CD1940422BA2AD30070D1F5 /* TabbarInteractionTransition.swift in Sources */,
				6CD1940B22BA2AD30070D1F5 /* NormalPushAnimator.swift in Sources */,
				6CD193E122BA2A790070D1F5 /* AppDelegate.swift in Sources */,
				6CD1940822BA2AD30070D1F5 /* LottieSecondViewController.swift in Sources */,
				6CD1940A22BA2AD30070D1F5 /* PushSecondViewController.swift in Sources */,
				6CD1940722BA2AD30070D1F5 /* LottieFirstViewController.swift in Sources */,
				6CD1940522BA2AD30070D1F5 /* TabbarAnimator.swift in Sources */,
				6CD1940122BA2AD30070D1F5 /* PresentFirstViewController.swift in Sources */,
			);
			runOnlyForDeploymentPostprocessing = 0;
		};
/* End PBXSourcesBuildPhase section */

/* Begin PBXVariantGroup section */
		6CD193E422BA2A790070D1F5 /* Main.storyboard */ = {
			isa = PBXVariantGroup;
			children = (
				6CD193E522BA2A790070D1F5 /* Base */,
			);
			name = Main.storyboard;
			sourceTree = "<group>";
		};
		6CD193E922BA2A7B0070D1F5 /* LaunchScreen.storyboard */ = {
			isa = PBXVariantGroup;
			children = (
				6CD193EA22BA2A7B0070D1F5 /* Base */,
			);
			name = LaunchScreen.storyboard;
			sourceTree = "<group>";
		};
/* End PBXVariantGroup section */

/* Begin XCBuildConfiguration section */
		6CD193ED22BA2A7B0070D1F5 /* Debug */ = {
			isa = XCBuildConfiguration;
			buildSettings = {
				ALWAYS_SEARCH_USER_PATHS = NO;
				CLANG_ANALYZER_NONNULL = YES;
				CLANG_ANALYZER_NUMBER_OBJECT_CONVERSION = YES_AGGRESSIVE;
				CLANG_CXX_LANGUAGE_STANDARD = "gnu++14";
				CLANG_CXX_LIBRARY = "libc++";
				CLANG_ENABLE_MODULES = YES;
				CLANG_ENABLE_OBJC_ARC = YES;
				CLANG_ENABLE_OBJC_WEAK = YES;
				CLANG_WARN_BLOCK_CAPTURE_AUTORELEASING = YES;
				CLANG_WARN_BOOL_CONVERSION = YES;
				CLANG_WARN_COMMA = YES;
				CLANG_WARN_CONSTANT_CONVERSION = YES;
				CLANG_WARN_DEPRECATED_OBJC_IMPLEMENTATIONS = YES;
				CLANG_WARN_DIRECT_OBJC_ISA_USAGE = YES_ERROR;
				CLANG_WARN_DOCUMENTATION_COMMENTS = YES;
				CLANG_WARN_EMPTY_BODY = YES;
				CLANG_WARN_ENUM_CONVERSION = YES;
				CLANG_WARN_INFINITE_RECURSION = YES;
				CLANG_WARN_INT_CONVERSION = YES;
				CLANG_WARN_NON_LITERAL_NULL_CONVERSION = YES;
				CLANG_WARN_OBJC_IMPLICIT_RETAIN_SELF = YES;
				CLANG_WARN_OBJC_LITERAL_CONVERSION = YES;
				CLANG_WARN_OBJC_ROOT_CLASS = YES_ERROR;
				CLANG_WARN_RANGE_LOOP_ANALYSIS = YES;
				CLANG_WARN_STRICT_PROTOTYPES = YES;
				CLANG_WARN_SUSPICIOUS_MOVE = YES;
				CLANG_WARN_UNGUARDED_AVAILABILITY = YES_AGGRESSIVE;
				CLANG_WARN_UNREACHABLE_CODE = YES;
				CLANG_WARN__DUPLICATE_METHOD_MATCH = YES;
				CODE_SIGN_IDENTITY = "iPhone Developer";
				COPY_PHASE_STRIP = NO;
				DEBUG_INFORMATION_FORMAT = dwarf;
				ENABLE_STRICT_OBJC_MSGSEND = YES;
				ENABLE_TESTABILITY = YES;
				GCC_C_LANGUAGE_STANDARD = gnu11;
				GCC_DYNAMIC_NO_PIC = NO;
				GCC_NO_COMMON_BLOCKS = YES;
				GCC_OPTIMIZATION_LEVEL = 0;
				GCC_PREPROCESSOR_DEFINITIONS = (
					"DEBUG=1",
					"$(inherited)",
				);
				GCC_WARN_64_TO_32_BIT_CONVERSION = YES;
				GCC_WARN_ABOUT_RETURN_TYPE = YES_ERROR;
				GCC_WARN_UNDECLARED_SELECTOR = YES;
				GCC_WARN_UNINITIALIZED_AUTOS = YES_AGGRESSIVE;
				GCC_WARN_UNUSED_FUNCTION = YES;
				GCC_WARN_UNUSED_VARIABLE = YES;
				IPHONEOS_DEPLOYMENT_TARGET = 12.2;
				MTL_ENABLE_DEBUG_INFO = INCLUDE_SOURCE;
				MTL_FAST_MATH = YES;
				ONLY_ACTIVE_ARCH = YES;
				SDKROOT = iphoneos;
				SWIFT_ACTIVE_COMPILATION_CONDITIONS = DEBUG;
				SWIFT_OPTIMIZATION_LEVEL = "-Onone";
			};
			name = Debug;
		};
		6CD193EE22BA2A7B0070D1F5 /* Release */ = {
			isa = XCBuildConfiguration;
			buildSettings = {
				ALWAYS_SEARCH_USER_PATHS = NO;
				CLANG_ANALYZER_NONNULL = YES;
				CLANG_ANALYZER_NUMBER_OBJECT_CONVERSION = YES_AGGRESSIVE;
				CLANG_CXX_LANGUAGE_STANDARD = "gnu++14";
				CLANG_CXX_LIBRARY = "libc++";
				CLANG_ENABLE_MODULES = YES;
				CLANG_ENABLE_OBJC_ARC = YES;
				CLANG_ENABLE_OBJC_WEAK = YES;
				CLANG_WARN_BLOCK_CAPTURE_AUTORELEASING = YES;
				CLANG_WARN_BOOL_CONVERSION = YES;
				CLANG_WARN_COMMA = YES;
				CLANG_WARN_CONSTANT_CONVERSION = YES;
				CLANG_WARN_DEPRECATED_OBJC_IMPLEMENTATIONS = YES;
				CLANG_WARN_DIRECT_OBJC_ISA_USAGE = YES_ERROR;
				CLANG_WARN_DOCUMENTATION_COMMENTS = YES;
				CLANG_WARN_EMPTY_BODY = YES;
				CLANG_WARN_ENUM_CONVERSION = YES;
				CLANG_WARN_INFINITE_RECURSION = YES;
				CLANG_WARN_INT_CONVERSION = YES;
				CLANG_WARN_NON_LITERAL_NULL_CONVERSION = YES;
				CLANG_WARN_OBJC_IMPLICIT_RETAIN_SELF = YES;
				CLANG_WARN_OBJC_LITERAL_CONVERSION = YES;
				CLANG_WARN_OBJC_ROOT_CLASS = YES_ERROR;
				CLANG_WARN_RANGE_LOOP_ANALYSIS = YES;
				CLANG_WARN_STRICT_PROTOTYPES = YES;
				CLANG_WARN_SUSPICIOUS_MOVE = YES;
				CLANG_WARN_UNGUARDED_AVAILABILITY = YES_AGGRESSIVE;
				CLANG_WARN_UNREACHABLE_CODE = YES;
				CLANG_WARN__DUPLICATE_METHOD_MATCH = YES;
				CODE_SIGN_IDENTITY = "iPhone Developer";
				COPY_PHASE_STRIP = NO;
				DEBUG_INFORMATION_FORMAT = "dwarf-with-dsym";
				ENABLE_NS_ASSERTIONS = NO;
				ENABLE_STRICT_OBJC_MSGSEND = YES;
				GCC_C_LANGUAGE_STANDARD = gnu11;
				GCC_NO_COMMON_BLOCKS = YES;
				GCC_WARN_64_TO_32_BIT_CONVERSION = YES;
				GCC_WARN_ABOUT_RETURN_TYPE = YES_ERROR;
				GCC_WARN_UNDECLARED_SELECTOR = YES;
				GCC_WARN_UNINITIALIZED_AUTOS = YES_AGGRESSIVE;
				GCC_WARN_UNUSED_FUNCTION = YES;
				GCC_WARN_UNUSED_VARIABLE = YES;
				IPHONEOS_DEPLOYMENT_TARGET = 12.2;
				MTL_ENABLE_DEBUG_INFO = NO;
				MTL_FAST_MATH = YES;
				SDKROOT = iphoneos;
				SWIFT_COMPILATION_MODE = wholemodule;
				SWIFT_OPTIMIZATION_LEVEL = "-O";
				VALIDATE_PRODUCT = YES;
			};
			name = Release;
		};
		6CD193F022BA2A7B0070D1F5 /* Debug */ = {
			isa = XCBuildConfiguration;
			baseConfigurationReference = DBAFC09A3724210D9AD3905F /* Pods-CustomTransitions.debug.xcconfig */;
			buildSettings = {
				ASSETCATALOG_COMPILER_APPICON_NAME = AppIcon;
				CODE_SIGN_STYLE = Automatic;
				DEVELOPMENT_TEAM = KL3TMC97YB;
				INFOPLIST_FILE = CustomTransitions/Info.plist;
				LD_RUNPATH_SEARCH_PATHS = (
					"$(inherited)",
					"@executable_path/Frameworks",
				);
				PRODUCT_BUNDLE_IDENTIFIER = com.taoJiang.CustomTransitions;
				PRODUCT_NAME = "$(TARGET_NAME)";
				SWIFT_VERSION = 5.0;
				TARGETED_DEVICE_FAMILY = "1,2";
			};
			name = Debug;
		};
		6CD193F122BA2A7B0070D1F5 /* Release */ = {
			isa = XCBuildConfiguration;
			baseConfigurationReference = 358083C4E9477B8605B41E0C /* Pods-CustomTransitions.release.xcconfig */;
			buildSettings = {
				ASSETCATALOG_COMPILER_APPICON_NAME = AppIcon;
				CODE_SIGN_STYLE = Automatic;
				DEVELOPMENT_TEAM = KL3TMC97YB;
				INFOPLIST_FILE = CustomTransitions/Info.plist;
				LD_RUNPATH_SEARCH_PATHS = (
					"$(inherited)",
					"@executable_path/Frameworks",
				);
				PRODUCT_BUNDLE_IDENTIFIER = com.taoJiang.CustomTransitions;
				PRODUCT_NAME = "$(TARGET_NAME)";
				SWIFT_VERSION = 5.0;
				TARGETED_DEVICE_FAMILY = "1,2";
			};
			name = Release;
		};
/* End XCBuildConfiguration section */

/* Begin XCConfigurationList section */
		6CD193D822BA2A790070D1F5 /* Build configuration list for PBXProject "CustomTransitions" */ = {
			isa = XCConfigurationList;
			buildConfigurations = (
				6CD193ED22BA2A7B0070D1F5 /* Debug */,
				6CD193EE22BA2A7B0070D1F5 /* Release */,
			);
			defaultConfigurationIsVisible = 0;
			defaultConfigurationName = Release;
		};
		6CD193EF22BA2A7B0070D1F5 /* Build configuration list for PBXNativeTarget "CustomTransitions" */ = {
			isa = XCConfigurationList;
			buildConfigurations = (
				6CD193F022BA2A7B0070D1F5 /* Debug */,
				6CD193F122BA2A7B0070D1F5 /* Release */,
			);
			defaultConfigurationIsVisible = 0;
			defaultConfigurationName = Release;
		};
/* End XCConfigurationList section */
	};
	rootObject = 6CD193D522BA2A790070D1F5 /* Project object */;
}
